github.com/ohir/gwft-client v0.1.3 h1:KfRjkPtgD6Qa/e85muwUq7hP+AQlCqOHY1KV2krlNAQ=
github.com/ohir/gwft-client v0.1.3/go.mod h1:+weGRHUw1bk/ExZ422pdtZjzFttz6OcROZsVJTbSAiY=
github.com/ohir/gwft-protocol v0.1.3 h1:eiDfGb5oQ30R70SYtU84J8tqn+kXpw5GVMOEwTS+iHw=
github.com/ohir/gwft-protocol v0.1.3/go.mod h1:R7m1avLsy+nRwOHmRnxXgKd1+yrSlMxDGj4fBQLMbIs=
github.com/ohir/gwft-server v0.1.3 h1:IhYhDKAq+uH5utSLPmNnKJ4k/UTjCFG+bbkUV2Y4KKU=
github.com/ohir/gwft-server v0.1.3/go.mod h1:UevKN9+q4htztYHOvgBaubRbY8tRcOrH58jQthZjEKc=
